// !$*UTF8*$!
{
	archiveVersion = 1;
	classes = {
	};
	objectVersion = 50;
	objects = {

/* Begin PBXBuildFile section */
		CB41F64F27FA8D1500E24235 /* Bai2ViewController.swift in Sources */ = {isa = PBXBuildFile; fileRef = CB41F64D27FA8D1500E24235 /* Bai2ViewController.swift */; };
		CB41F65027FA8D1500E24235 /* Bai2ViewController.xib in Resources */ = {isa = PBXBuildFile; fileRef = CB41F64E27FA8D1500E24235 /* Bai2ViewController.xib */; };
		CB41F65327FA8D4500E24235 /* MySliderView.swift in Sources */ = {isa = PBXBuildFile; fileRef = CB41F65227FA8D4500E24235 /* MySliderView.swift */; };
		CB41F65627FA8D5B00E24235 /* MySliderView.xib in Resources */ = {isa = PBXBuildFile; fileRef = CB41F65527FA8D5B00E24235 /* MySliderView.xib */; };
		CB5D392B27FA8A6D005D19F6 /* AppDelegate.swift in Sources */ = {isa = PBXBuildFile; fileRef = CB5D392A27FA8A6D005D19F6 /* AppDelegate.swift */; };
		CB5D392D27FA8A6D005D19F6 /* SceneDelegate.swift in Sources */ = {isa = PBXBuildFile; fileRef = CB5D392C27FA8A6D005D19F6 /* SceneDelegate.swift */; };
		CB5D393427FA8A70005D19F6 /* Assets.xcassets in Resources */ = {isa = PBXBuildFile; fileRef = CB5D393327FA8A70005D19F6 /* Assets.xcassets */; };
		CB5D394527FA8AB2005D19F6 /* HomeViewController.swift in Sources */ = {isa = PBXBuildFile; fileRef = CB5D394327FA8AB2005D19F6 /* HomeViewController.swift */; };
		CB5D394627FA8AB2005D19F6 /* HomeViewController.xib in Resources */ = {isa = PBXBuildFile; fileRef = CB5D394427FA8AB2005D19F6 /* HomeViewController.xib */; };
		CB5D394927FA8B7B005D19F6 /* UserView.swift in Sources */ = {isa = PBXBuildFile; fileRef = CB5D394827FA8B7B005D19F6 /* UserView.swift */; };
		CB5D394C27FA8B88005D19F6 /* UserView.xib in Resources */ = {isa = PBXBuildFile; fileRef = CB5D394B27FA8B88005D19F6 /* UserView.xib */; };
		CB60239227FACDE50036472F /* Bai3ViewController.swift in Sources */ = {isa = PBXBuildFile; fileRef = CB60239027FACDE50036472F /* Bai3ViewController.swift */; };
		CB60239327FACDE50036472F /* Bai3ViewController.xib in Resources */ = {isa = PBXBuildFile; fileRef = CB60239127FACDE50036472F /* Bai3ViewController.xib */; };
		CB60239A27FACE840036472F /* CustomButtonView.swift in Sources */ = {isa = PBXBuildFile; fileRef = CB60239927FACE840036472F /* CustomButtonView.swift */; };
		CB60239D27FACE930036472F /* CustombuttonView.xib in Resources */ = {isa = PBXBuildFile; fileRef = CB60239C27FACE930036472F /* CustombuttonView.xib */; };
		CB7A27FA27FE7E4D006079E0 /* Bai4ViewController.swift in Sources */ = {isa = PBXBuildFile; fileRef = CB7A27F827FE7E4D006079E0 /* Bai4ViewController.swift */; };
		CB7A27FB27FE7E4D006079E0 /* Bai4ViewController.xib in Resources */ = {isa = PBXBuildFile; fileRef = CB7A27F927FE7E4D006079E0 /* Bai4ViewController.xib */; };
		CB7A280927FE8014006079E0 /* DatePickerView.xib in Resources */ = {isa = PBXBuildFile; fileRef = CB7A280827FE8014006079E0 /* DatePickerView.xib */; };
		CB7A280D27FE83A9006079E0 /* DatePickerView.swift in Sources */ = {isa = PBXBuildFile; fileRef = CB7A280C27FE83A9006079E0 /* DatePickerView.swift */; };
/* End PBXBuildFile section */

/* Begin PBXFileReference section */
		CB41F64D27FA8D1500E24235 /* Bai2ViewController.swift */ = {isa = PBXFileReference; lastKnownFileType = sourcecode.swift; path = Bai2ViewController.swift; sourceTree = "<group>"; };
		CB41F64E27FA8D1500E24235 /* Bai2ViewController.xib */ = {isa = PBXFileReference; lastKnownFileType = file.xib; path = Bai2ViewController.xib; sourceTree = "<group>"; };
		CB41F65227FA8D4500E24235 /* MySliderView.swift */ = {isa = PBXFileReference; lastKnownFileType = sourcecode.swift; path = MySliderView.swift; sourceTree = "<group>"; };
		CB41F65527FA8D5B00E24235 /* MySliderView.xib */ = {isa = PBXFileReference; lastKnownFileType = file.xib; path = MySliderView.xib; sourceTree = "<group>"; };
		CB5D392727FA8A6D005D19F6 /* CustomView.app */ = {isa = PBXFileReference; explicitFileType = wrapper.application; includeInIndex = 0; path = CustomView.app; sourceTree = BUILT_PRODUCTS_DIR; };
		CB5D392A27FA8A6D005D19F6 /* AppDelegate.swift */ = {isa = PBXFileReference; lastKnownFileType = sourcecode.swift; path = AppDelegate.swift; sourceTree = "<group>"; };
		CB5D392C27FA8A6D005D19F6 /* SceneDelegate.swift */ = {isa = PBXFileReference; lastKnownFileType = sourcecode.swift; path = SceneDelegate.swift; sourceTree = "<group>"; };
		CB5D393327FA8A70005D19F6 /* Assets.xcassets */ = {isa = PBXFileReference; lastKnownFileType = folder.assetcatalog; path = Assets.xcassets; sourceTree = "<group>"; };
		CB5D393827FA8A70005D19F6 /* Info.plist */ = {isa = PBXFileReference; lastKnownFileType = text.plist.xml; path = Info.plist; sourceTree = "<group>"; };
		CB5D394327FA8AB2005D19F6 /* HomeViewController.swift */ = {isa = PBXFileReference; lastKnownFileType = sourcecode.swift; path = HomeViewController.swift; sourceTree = "<group>"; };
		CB5D394427FA8AB2005D19F6 /* HomeViewController.xib */ = {isa = PBXFileReference; lastKnownFileType = file.xib; path = HomeViewController.xib; sourceTree = "<group>"; };
		CB5D394827FA8B7B005D19F6 /* UserView.swift */ = {isa = PBXFileReference; lastKnownFileType = sourcecode.swift; path = UserView.swift; sourceTree = "<group>"; };
		CB5D394B27FA8B88005D19F6 /* UserView.xib */ = {isa = PBXFileReference; lastKnownFileType = file.xib; path = UserView.xib; sourceTree = "<group>"; };
		CB60239027FACDE50036472F /* Bai3ViewController.swift */ = {isa = PBXFileReference; lastKnownFileType = sourcecode.swift; path = Bai3ViewController.swift; sourceTree = "<group>"; };
		CB60239127FACDE50036472F /* Bai3ViewController.xib */ = {isa = PBXFileReference; lastKnownFileType = file.xib; path = Bai3ViewController.xib; sourceTree = "<group>"; };
		CB60239927FACE840036472F /* CustomButtonView.swift */ = {isa = PBXFileReference; lastKnownFileType = sourcecode.swift; path = CustomButtonView.swift; sourceTree = "<group>"; };
		CB60239C27FACE930036472F /* CustombuttonView.xib */ = {isa = PBXFileReference; lastKnownFileType = file.xib; path = CustombuttonView.xib; sourceTree = "<group>"; };
		CB7A27F827FE7E4D006079E0 /* Bai4ViewController.swift */ = {isa = PBXFileReference; lastKnownFileType = sourcecode.swift; path = Bai4ViewController.swift; sourceTree = "<group>"; };
		CB7A27F927FE7E4D006079E0 /* Bai4ViewController.xib */ = {isa = PBXFileReference; lastKnownFileType = file.xib; path = Bai4ViewController.xib; sourceTree = "<group>"; };
		CB7A280827FE8014006079E0 /* DatePickerView.xib */ = {isa = PBXFileReference; lastKnownFileType = file.xib; path = DatePickerView.xib; sourceTree = "<group>"; };
		CB7A280C27FE83A9006079E0 /* DatePickerView.swift */ = {isa = PBXFileReference; lastKnownFileType = sourcecode.swift; path = DatePickerView.swift; sourceTree = "<group>"; };
/* End PBXFileReference section */

/* Begin PBXFrameworksBuildPhase section */
		CB5D392427FA8A6D005D19F6 /* Frameworks */ = {
			isa = PBXFrameworksBuildPhase;
			buildActionMask = 2147483647;
			files = (
			);
			runOnlyForDeploymentPostprocessing = 0;
		};
/* End PBXFrameworksBuildPhase section */

/* Begin PBXGroup section */
		CB41F64C27FA8CE600E24235 /* Baitap2 */ = {
			isa = PBXGroup;
			children = (
				CB41F64D27FA8D1500E24235 /* Bai2ViewController.swift */,
				CB41F64E27FA8D1500E24235 /* Bai2ViewController.xib */,
				CB41F65227FA8D4500E24235 /* MySliderView.swift */,
				CB41F65527FA8D5B00E24235 /* MySliderView.xib */,
			);
			path = Baitap2;
			sourceTree = "<group>";
		};
		CB5D391E27FA8A6D005D19F6 = {
			isa = PBXGroup;
			children = (
				CB7A27F727FE7E38006079E0 /* Baitap4 */,
				CB60238F27FACDCA0036472F /* Baitap3 */,
				CB41F64C27FA8CE600E24235 /* Baitap2 */,
				CB5D392927FA8A6D005D19F6 /* CustomView */,
				CB5D392827FA8A6D005D19F6 /* Products */,
			);
			sourceTree = "<group>";
		};
		CB5D392827FA8A6D005D19F6 /* Products */ = {
			isa = PBXGroup;
			children = (
				CB5D392727FA8A6D005D19F6 /* CustomView.app */,
			);
			name = Products;
			sourceTree = "<group>";
		};
		CB5D392927FA8A6D005D19F6 /* CustomView */ = {
			isa = PBXGroup;
			children = (
				CB5D392A27FA8A6D005D19F6 /* AppDelegate.swift */,
				CB5D392C27FA8A6D005D19F6 /* SceneDelegate.swift */,
				CB5D393327FA8A70005D19F6 /* Assets.xcassets */,
				CB5D393827FA8A70005D19F6 /* Info.plist */,
				CB5D394327FA8AB2005D19F6 /* HomeViewController.swift */,
				CB5D394427FA8AB2005D19F6 /* HomeViewController.xib */,
				CB5D394827FA8B7B005D19F6 /* UserView.swift */,
				CB5D394B27FA8B88005D19F6 /* UserView.xib */,
			);
			path = CustomView;
			sourceTree = "<group>";
		};
		CB60238F27FACDCA0036472F /* Baitap3 */ = {
			isa = PBXGroup;
			children = (
				CB60239027FACDE50036472F /* Bai3ViewController.swift */,
				CB60239127FACDE50036472F /* Bai3ViewController.xib */,
				CB60239927FACE840036472F /* CustomButtonView.swift */,
				CB60239C27FACE930036472F /* CustombuttonView.xib */,
			);
			path = Baitap3;
			sourceTree = "<group>";
		};
		CB7A27F727FE7E38006079E0 /* Baitap4 */ = {
			isa = PBXGroup;
			children = (
				CB7A27F827FE7E4D006079E0 /* Bai4ViewController.swift */,
				CB7A27F927FE7E4D006079E0 /* Bai4ViewController.xib */,
				CB7A280C27FE83A9006079E0 /* DatePickerView.swift */,
				CB7A280827FE8014006079E0 /* DatePickerView.xib */,
			);
			path = Baitap4;
			sourceTree = "<group>";
		};
/* End PBXGroup section */

/* Begin PBXNativeTarget section */
		CB5D392627FA8A6D005D19F6 /* CustomView */ = {
			isa = PBXNativeTarget;
			buildConfigurationList = CB5D393B27FA8A70005D19F6 /* Build configuration list for PBXNativeTarget "CustomView" */;
			buildPhases = (
				CB5D392327FA8A6D005D19F6 /* Sources */,
				CB5D392427FA8A6D005D19F6 /* Frameworks */,
				CB5D392527FA8A6D005D19F6 /* Resources */,
			);
			buildRules = (
			);
			dependencies = (
			);
			name = CustomView;
			productName = CustomView;
			productReference = CB5D392727FA8A6D005D19F6 /* CustomView.app */;
			productType = "com.apple.product-type.application";
		};
/* End PBXNativeTarget section */

/* Begin PBXProject section */
		CB5D391F27FA8A6D005D19F6 /* Project object */ = {
			isa = PBXProject;
			attributes = {
				LastSwiftUpdateCheck = 1240;
				LastUpgradeCheck = 1240;
				TargetAttributes = {
					CB5D392627FA8A6D005D19F6 = {
						CreatedOnToolsVersion = 12.4;
					};
				};
			};
			buildConfigurationList = CB5D392227FA8A6D005D19F6 /* Build configuration list for PBXProject "CustomView" */;
			compatibilityVersion = "Xcode 9.3";
			developmentRegion = en;
			hasScannedForEncodings = 0;
			knownRegions = (
				en,
				Base,
			);
			mainGroup = CB5D391E27FA8A6D005D19F6;
			productRefGroup = CB5D392827FA8A6D005D19F6 /* Products */;
			projectDirPath = "";
			projectRoot = "";
			targets = (
				CB5D392627FA8A6D005D19F6 /* CustomView */,
			);
		};
/* End PBXProject section */

/* Begin PBXResourcesBuildPhase section */
		CB5D392527FA8A6D005D19F6 /* Resources */ = {
			isa = PBXResourcesBuildPhase;
			buildActionMask = 2147483647;
			files = (
				CB60239D27FACE930036472F /* CustombuttonView.xib in Resources */,
				CB41F65027FA8D1500E24235 /* Bai2ViewController.xib in Resources */,
				CB5D394C27FA8B88005D19F6 /* UserView.xib in Resources */,
				CB7A280927FE8014006079E0 /* DatePickerView.xib in Resources */,
				CB5D393427FA8A70005D19F6 /* Assets.xcassets in Resources */,
				CB41F65627FA8D5B00E24235 /* MySliderView.xib in Resources */,
				CB5D394627FA8AB2005D19F6 /* HomeViewController.xib in Resources */,
				CB7A27FB27FE7E4D006079E0 /* Bai4ViewController.xib in Resources */,
				CB60239327FACDE50036472F /* Bai3ViewController.xib in Resources */,
			);
			runOnlyForDeploymentPostprocessing = 0;
		};
/* End PBXResourcesBuildPhase section */

/* Begin PBXSourcesBuildPhase section */
		CB5D392327FA8A6D005D19F6 /* Sources */ = {
			isa = PBXSourcesBuildPhase;
			buildActionMask = 2147483647;
			files = (
				CB5D392B27FA8A6D005D19F6 /* AppDelegate.swift in Sources */,
				CB41F64F27FA8D1500E24235 /* Bai2ViewController.swift in Sources */,
				CB5D392D27FA8A6D005D19F6 /* SceneDelegate.swift in Sources */,
				CB7A27FA27FE7E4D006079E0 /* Bai4ViewController.swift in Sources */,
				CB60239A27FACE840036472F /* CustomButtonView.swift in Sources */,
				CB41F65327FA8D4500E24235 /* MySliderView.swift in Sources */,
				CB7A280D27FE83A9006079E0 /* DatePickerView.swift in Sources */,
				CB60239227FACDE50036472F /* Bai3ViewController.swift in Sources */,
				CB5D394527FA8AB2005D19F6 /* HomeViewController.swift in Sources */,
				CB5D394927FA8B7B005D19F6 /* UserView.swift in Sources */,
			);
			runOnlyForDeploymentPostprocessing = 0;
		};
/* End PBXSourcesBuildPhase section */

/* Begin XCBuildConfiguration section */
		CB5D393927FA8A70005D19F6 /* Debug */ = {
			isa = XCBuildConfiguration;
			buildSettings = {
				ALWAYS_SEARCH_USER_PATHS = NO;
				CLANG_ANALYZER_NONNULL = YES;
				CLANG_ANALYZER_NUMBER_OBJECT_CONVERSION = YES_AGGRESSIVE;
				CLANG_CXX_LANGUAGE_STANDARD = "gnu++14";
				CLANG_CXX_LIBRARY = "libc++";
				CLANG_ENABLE_MODULES = YES;
				CLANG_ENABLE_OBJC_ARC = YES;
				CLANG_ENABLE_OBJC_WEAK = YES;
				CLANG_WARN_BLOCK_CAPTURE_AUTORELEASING = YES;
				CLANG_WARN_BOOL_CONVERSION = YES;
				CLANG_WARN_COMMA = YES;
				CLANG_WARN_CONSTANT_CONVERSION = YES;
				CLANG_WARN_DEPRECATED_OBJC_IMPLEMENTATIONS = YES;
				CLANG_WARN_DIRECT_OBJC_ISA_USAGE = YES_ERROR;
				CLANG_WARN_DOCUMENTATION_COMMENTS = YES;
				CLANG_WARN_EMPTY_BODY = YES;
				CLANG_WARN_ENUM_CONVERSION = YES;
				CLANG_WARN_INFINITE_RECURSION = YES;
				CLANG_WARN_INT_CONVERSION = YES;
				CLANG_WARN_NON_LITERAL_NULL_CONVERSION = YES;
				CLANG_WARN_OBJC_IMPLICIT_RETAIN_SELF = YES;
				CLANG_WARN_OBJC_LITERAL_CONVERSION = YES;
				CLANG_WARN_OBJC_ROOT_CLASS = YES_ERROR;
				CLANG_WARN_QUOTED_INCLUDE_IN_FRAMEWORK_HEADER = YES;
				CLANG_WARN_RANGE_LOOP_ANALYSIS = YES;
				CLANG_WARN_STRICT_PROTOTYPES = YES;
				CLANG_WARN_SUSPICIOUS_MOVE = YES;
				CLANG_WARN_UNGUARDED_AVAILABILITY = YES_AGGRESSIVE;
				CLANG_WARN_UNREACHABLE_CODE = YES;
				CLANG_WARN__DUPLICATE_METHOD_MATCH = YES;
				COPY_PHASE_STRIP = NO;
				DEBUG_INFORMATION_FORMAT = dwarf;
				ENABLE_STRICT_OBJC_MSGSEND = YES;
				ENABLE_TESTABILITY = YES;
				GCC_C_LANGUAGE_STANDARD = gnu11;
				GCC_DYNAMIC_NO_PIC = NO;
				GCC_NO_COMMON_BLOCKS = YES;
				GCC_OPTIMIZATION_LEVEL = 0;
				GCC_PREPROCESSOR_DEFINITIONS = (
					"DEBUG=1",
					"$(inherited)",
				);
				GCC_WARN_64_TO_32_BIT_CONVERSION = YES;
				GCC_WARN_ABOUT_RETURN_TYPE = YES_ERROR;
				GCC_WARN_UNDECLARED_SELECTOR = YES;
				GCC_WARN_UNINITIALIZED_AUTOS = YES_AGGRESSIVE;
				GCC_WARN_UNUSED_FUNCTION = YES;
				GCC_WARN_UNUSED_VARIABLE = YES;
				IPHONEOS_DEPLOYMENT_TARGET = 14.4;
				MTL_ENABLE_DEBUG_INFO = INCLUDE_SOURCE;
				MTL_FAST_MATH = YES;
				ONLY_ACTIVE_ARCH = YES;
				SDKROOT = iphoneos;
				SWIFT_ACTIVE_COMPILATION_CONDITIONS = DEBUG;
				SWIFT_OPTIMIZATION_LEVEL = "-Onone";
			};
			name = Debug;
		};
		CB5D393A27FA8A70005D19F6 /* Release */ = {
			isa = XCBuildConfiguration;
			buildSettings = {
				ALWAYS_SEARCH_USER_PATHS = NO;
				CLANG_ANALYZER_NONNULL = YES;
				CLANG_ANALYZER_NUMBER_OBJECT_CONVERSION = YES_AGGRESSIVE;
				CLANG_CXX_LANGUAGE_STANDARD = "gnu++14";
				CLANG_CXX_LIBRARY = "libc++";
				CLANG_ENABLE_MODULES = YES;
				CLANG_ENABLE_OBJC_ARC = YES;
				CLANG_ENABLE_OBJC_WEAK = YES;
				CLANG_WARN_BLOCK_CAPTURE_AUTORELEASING = YES;
				CLANG_WARN_BOOL_CONVERSION = YES;
				CLANG_WARN_COMMA = YES;
				CLANG_WARN_CONSTANT_CONVERSION = YES;
				CLANG_WARN_DEPRECATED_OBJC_IMPLEMENTATIONS = YES;
				CLANG_WARN_DIRECT_OBJC_ISA_USAGE = YES_ERROR;
				CLANG_WARN_DOCUMENTATION_COMMENTS = YES;
				CLANG_WARN_EMPTY_BODY = YES;
				CLANG_WARN_ENUM_CONVERSION = YES;
				CLANG_WARN_INFINITE_RECURSION = YES;
				CLANG_WARN_INT_CONVERSION = YES;
				CLANG_WARN_NON_LITERAL_NULL_CONVERSION = YES;
				CLANG_WARN_OBJC_IMPLICIT_RETAIN_SELF = YES;
				CLANG_WARN_OBJC_LITERAL_CONVERSION = YES;
				CLANG_WARN_OBJC_ROOT_CLASS = YES_ERROR;
				CLANG_WARN_QUOTED_INCLUDE_IN_FRAMEWORK_HEADER = YES;
				CLANG_WARN_RANGE_LOOP_ANALYSIS = YES;
				CLANG_WARN_STRICT_PROTOTYPES = YES;
				CLANG_WARN_SUSPICIOUS_MOVE = YES;
				CLANG_WARN_UNGUARDED_AVAILABILITY = YES_AGGRESSIVE;
				CLANG_WARN_UNREACHABLE_CODE = YES;
				CLANG_WARN__DUPLICATE_METHOD_MATCH = YES;
				COPY_PHASE_STRIP = NO;
				DEBUG_INFORMATION_FORMAT = "dwarf-with-dsym";
				ENABLE_NS_ASSERTIONS = NO;
				ENABLE_STRICT_OBJC_MSGSEND = YES;
				GCC_C_LANGUAGE_STANDARD = gnu11;
				GCC_NO_COMMON_BLOCKS = YES;
				GCC_WARN_64_TO_32_BIT_CONVERSION = YES;
				GCC_WARN_ABOUT_RETURN_TYPE = YES_ERROR;
				GCC_WARN_UNDECLARED_SELECTOR = YES;
				GCC_WARN_UNINITIALIZED_AUTOS = YES_AGGRESSIVE;
				GCC_WARN_UNUSED_FUNCTION = YES;
				GCC_WARN_UNUSED_VARIABLE = YES;
				IPHONEOS_DEPLOYMENT_TARGET = 14.4;
				MTL_ENABLE_DEBUG_INFO = NO;
				MTL_FAST_MATH = YES;
				SDKROOT = iphoneos;
				SWIFT_COMPILATION_MODE = wholemodule;
				SWIFT_OPTIMIZATION_LEVEL = "-O";
				VALIDATE_PRODUCT = YES;
			};
			name = Release;
		};
		CB5D393C27FA8A70005D19F6 /* Debug */ = {
			isa = XCBuildConfiguration;
			buildSettings = {
				ASSETCATALOG_COMPILER_APPICON_NAME = AppIcon;
				ASSETCATALOG_COMPILER_GLOBAL_ACCENT_COLOR_NAME = AccentColor;
				CODE_SIGN_STYLE = Automatic;
				INFOPLIST_FILE = CustomView/Info.plist;
				LD_RUNPATH_SEARCH_PATHS = (
					"$(inherited)",
					"@executable_path/Frameworks",
				);
				PRODUCT_BUNDLE_IDENTIFIER = HuynhNgocPhong.CustomView;
				PRODUCT_NAME = "$(TARGET_NAME)";
				SWIFT_VERSION = 5.0;
				TARGETED_DEVICE_FAMILY = "1,2";
			};
			name = Debug;
		};
		CB5D393D27FA8A70005D19F6 /* Release */ = {
			isa = XCBuildConfiguration;
			buildSettings = {
				ASSETCATALOG_COMPILER_APPICON_NAME = AppIcon;
				ASSETCATALOG_COMPILER_GLOBAL_ACCENT_COLOR_NAME = AccentColor;
				CODE_SIGN_STYLE = Automatic;
				INFOPLIST_FILE = CustomView/Info.plist;
				LD_RUNPATH_SEARCH_PATHS = (
					"$(inherited)",
					"@executable_path/Frameworks",
				);
				PRODUCT_BUNDLE_IDENTIFIER = HuynhNgocPhong.CustomView;
				PRODUCT_NAME = "$(TARGET_NAME)";
				SWIFT_VERSION = 5.0;
				TARGETED_DEVICE_FAMILY = "1,2";
			};
			name = Release;
		};
/* End XCBuildConfiguration section */

/* Begin XCConfigurationList section */
		CB5D392227FA8A6D005D19F6 /* Build configuration list for PBXProject "CustomView" */ = {
			isa = XCConfigurationList;
			buildConfigurations = (
				CB5D393927FA8A70005D19F6 /* Debug */,
				CB5D393A27FA8A70005D19F6 /* Release */,
			);
			defaultConfigurationIsVisible = 0;
			defaultConfigurationName = Release;
		};
		CB5D393B27FA8A70005D19F6 /* Build configuration list for PBXNativeTarget "CustomView" */ = {
			isa = XCConfigurationList;
			buildConfigurations = (
				CB5D393C27FA8A70005D19F6 /* Debug */,
				CB5D393D27FA8A70005D19F6 /* Release */,
			);
			defaultConfigurationIsVisible = 0;
			defaultConfigurationName = Release;
		};
/* End XCConfigurationList section */
	};
	rootObject = CB5D391F27FA8A6D005D19F6 /* Project object */;
}
