// !$*UTF8*$!
{
	archiveVersion = 1;
	classes = {
	};
	objectVersion = 50;
	objects = {

/* Begin PBXBuildFile section */
		CB42C6762818F5FC0036D2C8 /* AppDelegate.swift in Sources */ = {isa = PBXBuildFile; fileRef = CB42C6752818F5FC0036D2C8 /* AppDelegate.swift */; };
		CB42C6782818F5FC0036D2C8 /* SceneDelegate.swift in Sources */ = {isa = PBXBuildFile; fileRef = CB42C6772818F5FC0036D2C8 /* SceneDelegate.swift */; };
		CB42C67F2818F5FF0036D2C8 /* Assets.xcassets in Resources */ = {isa = PBXBuildFile; fileRef = CB42C67E2818F5FF0036D2C8 /* Assets.xcassets */; };
		CB42C68E2818F6240036D2C8 /* HomeViewController.swift in Sources */ = {isa = PBXBuildFile; fileRef = CB42C68C2818F6240036D2C8 /* HomeViewController.swift */; };
		CB42C68F2818F6240036D2C8 /* HomeViewController.xib in Resources */ = {isa = PBXBuildFile; fileRef = CB42C68D2818F6240036D2C8 /* HomeViewController.xib */; };
		CB42C6932818F9940036D2C8 /* HomeCell.swift in Sources */ = {isa = PBXBuildFile; fileRef = CB42C6912818F9940036D2C8 /* HomeCell.swift */; };
		CB42C6942818F9940036D2C8 /* HomeCell.xib in Resources */ = {isa = PBXBuildFile; fileRef = CB42C6922818F9940036D2C8 /* HomeCell.xib */; };
		CB42C698281900EF0036D2C8 /* TeamHeaderReusableView.swift in Sources */ = {isa = PBXBuildFile; fileRef = CB42C696281900EF0036D2C8 /* TeamHeaderReusableView.swift */; };
		CB42C699281900EF0036D2C8 /* TeamHeaderReusableView.xib in Resources */ = {isa = PBXBuildFile; fileRef = CB42C697281900EF0036D2C8 /* TeamHeaderReusableView.xib */; };
		CB768B0A281B7F5800FA3255 /* Bai04ViewController.swift in Sources */ = {isa = PBXBuildFile; fileRef = CB768B08281B7F5800FA3255 /* Bai04ViewController.swift */; };
		CB768B0B281B7F5800FA3255 /* Bai04ViewController.xib in Resources */ = {isa = PBXBuildFile; fileRef = CB768B09281B7F5800FA3255 /* Bai04ViewController.xib */; };
		CBBE7F31281A38970064B44B /* Bai01ViewController.swift in Sources */ = {isa = PBXBuildFile; fileRef = CBBE7F2F281A38970064B44B /* Bai01ViewController.swift */; };
		CBBE7F32281A38970064B44B /* Bai01ViewController.xib in Resources */ = {isa = PBXBuildFile; fileRef = CBBE7F30281A38970064B44B /* Bai01ViewController.xib */; };
		CBBE7F37281A39B90064B44B /* Bai01CollectionViewCell.swift in Sources */ = {isa = PBXBuildFile; fileRef = CBBE7F35281A39B90064B44B /* Bai01CollectionViewCell.swift */; };
		CBBE7F38281A39B90064B44B /* Bai01CollectionViewCell.xib in Resources */ = {isa = PBXBuildFile; fileRef = CBBE7F36281A39B90064B44B /* Bai01CollectionViewCell.xib */; };
		CBBE7F45281A3E350064B44B /* Bai02ViewController.swift in Sources */ = {isa = PBXBuildFile; fileRef = CBBE7F43281A3E350064B44B /* Bai02ViewController.swift */; };
		CBBE7F46281A3E350064B44B /* Bai02ViewController.xib in Resources */ = {isa = PBXBuildFile; fileRef = CBBE7F44281A3E350064B44B /* Bai02ViewController.xib */; };
		CBBE7F4A281A3E6F0064B44B /* Bai02CollectionViewCell.swift in Sources */ = {isa = PBXBuildFile; fileRef = CBBE7F48281A3E6F0064B44B /* Bai02CollectionViewCell.swift */; };
		CBBE7F4B281A3E6F0064B44B /* Bai02CollectionViewCell.xib in Resources */ = {isa = PBXBuildFile; fileRef = CBBE7F49281A3E6F0064B44B /* Bai02CollectionViewCell.xib */; };
		CBBE7F53281A56A00064B44B /* TeamFooterReusableView.swift in Sources */ = {isa = PBXBuildFile; fileRef = CBBE7F51281A569F0064B44B /* TeamFooterReusableView.swift */; };
		CBBE7F54281A56A00064B44B /* TeamFooterReusableView.xib in Resources */ = {isa = PBXBuildFile; fileRef = CBBE7F52281A569F0064B44B /* TeamFooterReusableView.xib */; };
/* End PBXBuildFile section */

/* Begin PBXFileReference section */
		CB42C6722818F5FB0036D2C8 /* CollectionView.app */ = {isa = PBXFileReference; explicitFileType = wrapper.application; includeInIndex = 0; path = CollectionView.app; sourceTree = BUILT_PRODUCTS_DIR; };
		CB42C6752818F5FC0036D2C8 /* AppDelegate.swift */ = {isa = PBXFileReference; lastKnownFileType = sourcecode.swift; path = AppDelegate.swift; sourceTree = "<group>"; };
		CB42C6772818F5FC0036D2C8 /* SceneDelegate.swift */ = {isa = PBXFileReference; lastKnownFileType = sourcecode.swift; path = SceneDelegate.swift; sourceTree = "<group>"; };
		CB42C67E2818F5FF0036D2C8 /* Assets.xcassets */ = {isa = PBXFileReference; lastKnownFileType = folder.assetcatalog; path = Assets.xcassets; sourceTree = "<group>"; };
		CB42C6832818F5FF0036D2C8 /* Info.plist */ = {isa = PBXFileReference; lastKnownFileType = text.plist.xml; path = Info.plist; sourceTree = "<group>"; };
		CB42C68C2818F6240036D2C8 /* HomeViewController.swift */ = {isa = PBXFileReference; lastKnownFileType = sourcecode.swift; path = HomeViewController.swift; sourceTree = "<group>"; };
		CB42C68D2818F6240036D2C8 /* HomeViewController.xib */ = {isa = PBXFileReference; lastKnownFileType = file.xib; path = HomeViewController.xib; sourceTree = "<group>"; };
		CB42C6912818F9940036D2C8 /* HomeCell.swift */ = {isa = PBXFileReference; lastKnownFileType = sourcecode.swift; path = HomeCell.swift; sourceTree = "<group>"; };
		CB42C6922818F9940036D2C8 /* HomeCell.xib */ = {isa = PBXFileReference; lastKnownFileType = file.xib; path = HomeCell.xib; sourceTree = "<group>"; };
		CB42C696281900EF0036D2C8 /* TeamHeaderReusableView.swift */ = {isa = PBXFileReference; lastKnownFileType = sourcecode.swift; path = TeamHeaderReusableView.swift; sourceTree = "<group>"; };
		CB42C697281900EF0036D2C8 /* TeamHeaderReusableView.xib */ = {isa = PBXFileReference; lastKnownFileType = file.xib; path = TeamHeaderReusableView.xib; sourceTree = "<group>"; };
		CB768B08281B7F5800FA3255 /* Bai04ViewController.swift */ = {isa = PBXFileReference; lastKnownFileType = sourcecode.swift; path = Bai04ViewController.swift; sourceTree = "<group>"; };
		CB768B09281B7F5800FA3255 /* Bai04ViewController.xib */ = {isa = PBXFileReference; lastKnownFileType = file.xib; path = Bai04ViewController.xib; sourceTree = "<group>"; };
		CBBE7F2F281A38970064B44B /* Bai01ViewController.swift */ = {isa = PBXFileReference; lastKnownFileType = sourcecode.swift; path = Bai01ViewController.swift; sourceTree = "<group>"; };
		CBBE7F30281A38970064B44B /* Bai01ViewController.xib */ = {isa = PBXFileReference; lastKnownFileType = file.xib; path = Bai01ViewController.xib; sourceTree = "<group>"; };
		CBBE7F35281A39B90064B44B /* Bai01CollectionViewCell.swift */ = {isa = PBXFileReference; lastKnownFileType = sourcecode.swift; path = Bai01CollectionViewCell.swift; sourceTree = "<group>"; };
		CBBE7F36281A39B90064B44B /* Bai01CollectionViewCell.xib */ = {isa = PBXFileReference; lastKnownFileType = file.xib; path = Bai01CollectionViewCell.xib; sourceTree = "<group>"; };
		CBBE7F43281A3E350064B44B /* Bai02ViewController.swift */ = {isa = PBXFileReference; lastKnownFileType = sourcecode.swift; path = Bai02ViewController.swift; sourceTree = "<group>"; };
		CBBE7F44281A3E350064B44B /* Bai02ViewController.xib */ = {isa = PBXFileReference; lastKnownFileType = file.xib; path = Bai02ViewController.xib; sourceTree = "<group>"; };
		CBBE7F48281A3E6F0064B44B /* Bai02CollectionViewCell.swift */ = {isa = PBXFileReference; lastKnownFileType = sourcecode.swift; path = Bai02CollectionViewCell.swift; sourceTree = "<group>"; };
		CBBE7F49281A3E6F0064B44B /* Bai02CollectionViewCell.xib */ = {isa = PBXFileReference; lastKnownFileType = file.xib; path = Bai02CollectionViewCell.xib; sourceTree = "<group>"; };
		CBBE7F51281A569F0064B44B /* TeamFooterReusableView.swift */ = {isa = PBXFileReference; lastKnownFileType = sourcecode.swift; path = TeamFooterReusableView.swift; sourceTree = "<group>"; };
		CBBE7F52281A569F0064B44B /* TeamFooterReusableView.xib */ = {isa = PBXFileReference; lastKnownFileType = file.xib; path = TeamFooterReusableView.xib; sourceTree = "<group>"; };
/* End PBXFileReference section */

/* Begin PBXFrameworksBuildPhase section */
		CB42C66F2818F5FB0036D2C8 /* Frameworks */ = {
			isa = PBXFrameworksBuildPhase;
			buildActionMask = 2147483647;
			files = (
			);
			runOnlyForDeploymentPostprocessing = 0;
		};
/* End PBXFrameworksBuildPhase section */

/* Begin PBXGroup section */
		CB42C6692818F5FB0036D2C8 = {
			isa = PBXGroup;
			children = (
				CB92AECA281A699100FB3FCF /* Bai04 */,
				CB92AEC8281A692D00FB3FCF /* Bai03 */,
				CBBE7F3A281A3DF10064B44B /* Bai02 */,
				CBBE7F2E281A38810064B44B /* Bai01 */,
				CB42C6742818F5FB0036D2C8 /* CollectionView */,
				CB42C6732818F5FB0036D2C8 /* Products */,
			);
			sourceTree = "<group>";
		};
		CB42C6732818F5FB0036D2C8 /* Products */ = {
			isa = PBXGroup;
			children = (
				CB42C6722818F5FB0036D2C8 /* CollectionView.app */,
			);
			name = Products;
			sourceTree = "<group>";
		};
		CB42C6742818F5FB0036D2C8 /* CollectionView */ = {
			isa = PBXGroup;
			children = (
				CB42C6752818F5FC0036D2C8 /* AppDelegate.swift */,
				CB42C6772818F5FC0036D2C8 /* SceneDelegate.swift */,
				CB42C67E2818F5FF0036D2C8 /* Assets.xcassets */,
				CB42C6832818F5FF0036D2C8 /* Info.plist */,
			);
			path = CollectionView;
			sourceTree = "<group>";
		};
		CB92AEC8281A692D00FB3FCF /* Bai03 */ = {
			isa = PBXGroup;
			children = (
				CB42C68C2818F6240036D2C8 /* HomeViewController.swift */,
				CB42C68D2818F6240036D2C8 /* HomeViewController.xib */,
				CB42C6912818F9940036D2C8 /* HomeCell.swift */,
				CB42C6922818F9940036D2C8 /* HomeCell.xib */,
				CB42C696281900EF0036D2C8 /* TeamHeaderReusableView.swift */,
				CB42C697281900EF0036D2C8 /* TeamHeaderReusableView.xib */,
				CBBE7F51281A569F0064B44B /* TeamFooterReusableView.swift */,
				CBBE7F52281A569F0064B44B /* TeamFooterReusableView.xib */,
			);
			path = Bai03;
			sourceTree = "<group>";
		};
		CB92AECA281A699100FB3FCF /* Bai04 */ = {
			isa = PBXGroup;
			children = (
				CB768B08281B7F5800FA3255 /* Bai04ViewController.swift */,
				CB768B09281B7F5800FA3255 /* Bai04ViewController.xib */,
			);
			path = Bai04;
			sourceTree = "<group>";
		};
		CBBE7F2E281A38810064B44B /* Bai01 */ = {
			isa = PBXGroup;
			children = (
				CBBE7F2F281A38970064B44B /* Bai01ViewController.swift */,
				CBBE7F30281A38970064B44B /* Bai01ViewController.xib */,
				CBBE7F35281A39B90064B44B /* Bai01CollectionViewCell.swift */,
				CBBE7F36281A39B90064B44B /* Bai01CollectionViewCell.xib */,
			);
			path = Bai01;
			sourceTree = "<group>";
		};
		CBBE7F3A281A3DF10064B44B /* Bai02 */ = {
			isa = PBXGroup;
			children = (
				CBBE7F43281A3E350064B44B /* Bai02ViewController.swift */,
				CBBE7F44281A3E350064B44B /* Bai02ViewController.xib */,
				CBBE7F48281A3E6F0064B44B /* Bai02CollectionViewCell.swift */,
				CBBE7F49281A3E6F0064B44B /* Bai02CollectionViewCell.xib */,
			);
			path = Bai02;
			sourceTree = "<group>";
		};
/* End PBXGroup section */

/* Begin PBXNativeTarget section */
		CB42C6712818F5FB0036D2C8 /* CollectionView */ = {
			isa = PBXNativeTarget;
			buildConfigurationList = CB42C6862818F5FF0036D2C8 /* Build configuration list for PBXNativeTarget "CollectionView" */;
			buildPhases = (
				CB42C66E2818F5FB0036D2C8 /* Sources */,
				CB42C66F2818F5FB0036D2C8 /* Frameworks */,
				CB42C6702818F5FB0036D2C8 /* Resources */,
			);
			buildRules = (
			);
			dependencies = (
			);
			name = CollectionView;
			productName = CollectionView;
			productReference = CB42C6722818F5FB0036D2C8 /* CollectionView.app */;
			productType = "com.apple.product-type.application";
		};
/* End PBXNativeTarget section */

/* Begin PBXProject section */
		CB42C66A2818F5FB0036D2C8 /* Project object */ = {
			isa = PBXProject;
			attributes = {
				LastSwiftUpdateCheck = 1240;
				LastUpgradeCheck = 1240;
				TargetAttributes = {
					CB42C6712818F5FB0036D2C8 = {
						CreatedOnToolsVersion = 12.4;
					};
				};
			};
			buildConfigurationList = CB42C66D2818F5FB0036D2C8 /* Build configuration list for PBXProject "CollectionView" */;
			compatibilityVersion = "Xcode 9.3";
			developmentRegion = en;
			hasScannedForEncodings = 0;
			knownRegions = (
				en,
				Base,
			);
			mainGroup = CB42C6692818F5FB0036D2C8;
			productRefGroup = CB42C6732818F5FB0036D2C8 /* Products */;
			projectDirPath = "";
			projectRoot = "";
			targets = (
				CB42C6712818F5FB0036D2C8 /* CollectionView */,
			);
		};
/* End PBXProject section */

/* Begin PBXResourcesBuildPhase section */
		CB42C6702818F5FB0036D2C8 /* Resources */ = {
			isa = PBXResourcesBuildPhase;
			buildActionMask = 2147483647;
			files = (
				CBBE7F38281A39B90064B44B /* Bai01CollectionViewCell.xib in Resources */,
				CBBE7F4B281A3E6F0064B44B /* Bai02CollectionViewCell.xib in Resources */,
				CB42C67F2818F5FF0036D2C8 /* Assets.xcassets in Resources */,
				CB42C699281900EF0036D2C8 /* TeamHeaderReusableView.xib in Resources */,
				CBBE7F32281A38970064B44B /* Bai01ViewController.xib in Resources */,
				CB768B0B281B7F5800FA3255 /* Bai04ViewController.xib in Resources */,
				CB42C6942818F9940036D2C8 /* HomeCell.xib in Resources */,
				CB42C68F2818F6240036D2C8 /* HomeViewController.xib in Resources */,
				CBBE7F54281A56A00064B44B /* TeamFooterReusableView.xib in Resources */,
				CBBE7F46281A3E350064B44B /* Bai02ViewController.xib in Resources */,
			);
			runOnlyForDeploymentPostprocessing = 0;
		};
/* End PBXResourcesBuildPhase section */

/* Begin PBXSourcesBuildPhase section */
		CB42C66E2818F5FB0036D2C8 /* Sources */ = {
			isa = PBXSourcesBuildPhase;
			buildActionMask = 2147483647;
			files = (
				CB42C6762818F5FC0036D2C8 /* AppDelegate.swift in Sources */,
				CBBE7F45281A3E350064B44B /* Bai02ViewController.swift in Sources */,
				CB42C698281900EF0036D2C8 /* TeamHeaderReusableView.swift in Sources */,
				CBBE7F53281A56A00064B44B /* TeamFooterReusableView.swift in Sources */,
				CB42C6782818F5FC0036D2C8 /* SceneDelegate.swift in Sources */,
				CB42C6932818F9940036D2C8 /* HomeCell.swift in Sources */,
				CBBE7F31281A38970064B44B /* Bai01ViewController.swift in Sources */,
				CB768B0A281B7F5800FA3255 /* Bai04ViewController.swift in Sources */,
				CBBE7F4A281A3E6F0064B44B /* Bai02CollectionViewCell.swift in Sources */,
				CBBE7F37281A39B90064B44B /* Bai01CollectionViewCell.swift in Sources */,
				CB42C68E2818F6240036D2C8 /* HomeViewController.swift in Sources */,
			);
			runOnlyForDeploymentPostprocessing = 0;
		};
/* End PBXSourcesBuildPhase section */

/* Begin XCBuildConfiguration section */
		CB42C6842818F5FF0036D2C8 /* Debug */ = {
			isa = XCBuildConfiguration;
			buildSettings = {
				ALWAYS_SEARCH_USER_PATHS = NO;
				CLANG_ANALYZER_NONNULL = YES;
				CLANG_ANALYZER_NUMBER_OBJECT_CONVERSION = YES_AGGRESSIVE;
				CLANG_CXX_LANGUAGE_STANDARD = "gnu++14";
				CLANG_CXX_LIBRARY = "libc++";
				CLANG_ENABLE_MODULES = YES;
				CLANG_ENABLE_OBJC_ARC = YES;
				CLANG_ENABLE_OBJC_WEAK = YES;
				CLANG_WARN_BLOCK_CAPTURE_AUTORELEASING = YES;
				CLANG_WARN_BOOL_CONVERSION = YES;
				CLANG_WARN_COMMA = YES;
				CLANG_WARN_CONSTANT_CONVERSION = YES;
				CLANG_WARN_DEPRECATED_OBJC_IMPLEMENTATIONS = YES;
				CLANG_WARN_DIRECT_OBJC_ISA_USAGE = YES_ERROR;
				CLANG_WARN_DOCUMENTATION_COMMENTS = YES;
				CLANG_WARN_EMPTY_BODY = YES;
				CLANG_WARN_ENUM_CONVERSION = YES;
				CLANG_WARN_INFINITE_RECURSION = YES;
				CLANG_WARN_INT_CONVERSION = YES;
				CLANG_WARN_NON_LITERAL_NULL_CONVERSION = YES;
				CLANG_WARN_OBJC_IMPLICIT_RETAIN_SELF = YES;
				CLANG_WARN_OBJC_LITERAL_CONVERSION = YES;
				CLANG_WARN_OBJC_ROOT_CLASS = YES_ERROR;
				CLANG_WARN_QUOTED_INCLUDE_IN_FRAMEWORK_HEADER = YES;
				CLANG_WARN_RANGE_LOOP_ANALYSIS = YES;
				CLANG_WARN_STRICT_PROTOTYPES = YES;
				CLANG_WARN_SUSPICIOUS_MOVE = YES;
				CLANG_WARN_UNGUARDED_AVAILABILITY = YES_AGGRESSIVE;
				CLANG_WARN_UNREACHABLE_CODE = YES;
				CLANG_WARN__DUPLICATE_METHOD_MATCH = YES;
				COPY_PHASE_STRIP = NO;
				DEBUG_INFORMATION_FORMAT = dwarf;
				ENABLE_STRICT_OBJC_MSGSEND = YES;
				ENABLE_TESTABILITY = YES;
				GCC_C_LANGUAGE_STANDARD = gnu11;
				GCC_DYNAMIC_NO_PIC = NO;
				GCC_NO_COMMON_BLOCKS = YES;
				GCC_OPTIMIZATION_LEVEL = 0;
				GCC_PREPROCESSOR_DEFINITIONS = (
					"DEBUG=1",
					"$(inherited)",
				);
				GCC_WARN_64_TO_32_BIT_CONVERSION = YES;
				GCC_WARN_ABOUT_RETURN_TYPE = YES_ERROR;
				GCC_WARN_UNDECLARED_SELECTOR = YES;
				GCC_WARN_UNINITIALIZED_AUTOS = YES_AGGRESSIVE;
				GCC_WARN_UNUSED_FUNCTION = YES;
				GCC_WARN_UNUSED_VARIABLE = YES;
				IPHONEOS_DEPLOYMENT_TARGET = 14.4;
				MTL_ENABLE_DEBUG_INFO = INCLUDE_SOURCE;
				MTL_FAST_MATH = YES;
				ONLY_ACTIVE_ARCH = YES;
				SDKROOT = iphoneos;
				SWIFT_ACTIVE_COMPILATION_CONDITIONS = DEBUG;
				SWIFT_OPTIMIZATION_LEVEL = "-Onone";
			};
			name = Debug;
		};
		CB42C6852818F5FF0036D2C8 /* Release */ = {
			isa = XCBuildConfiguration;
			buildSettings = {
				ALWAYS_SEARCH_USER_PATHS = NO;
				CLANG_ANALYZER_NONNULL = YES;
				CLANG_ANALYZER_NUMBER_OBJECT_CONVERSION = YES_AGGRESSIVE;
				CLANG_CXX_LANGUAGE_STANDARD = "gnu++14";
				CLANG_CXX_LIBRARY = "libc++";
				CLANG_ENABLE_MODULES = YES;
				CLANG_ENABLE_OBJC_ARC = YES;
				CLANG_ENABLE_OBJC_WEAK = YES;
				CLANG_WARN_BLOCK_CAPTURE_AUTORELEASING = YES;
				CLANG_WARN_BOOL_CONVERSION = YES;
				CLANG_WARN_COMMA = YES;
				CLANG_WARN_CONSTANT_CONVERSION = YES;
				CLANG_WARN_DEPRECATED_OBJC_IMPLEMENTATIONS = YES;
				CLANG_WARN_DIRECT_OBJC_ISA_USAGE = YES_ERROR;
				CLANG_WARN_DOCUMENTATION_COMMENTS = YES;
				CLANG_WARN_EMPTY_BODY = YES;
				CLANG_WARN_ENUM_CONVERSION = YES;
				CLANG_WARN_INFINITE_RECURSION = YES;
				CLANG_WARN_INT_CONVERSION = YES;
				CLANG_WARN_NON_LITERAL_NULL_CONVERSION = YES;
				CLANG_WARN_OBJC_IMPLICIT_RETAIN_SELF = YES;
				CLANG_WARN_OBJC_LITERAL_CONVERSION = YES;
				CLANG_WARN_OBJC_ROOT_CLASS = YES_ERROR;
				CLANG_WARN_QUOTED_INCLUDE_IN_FRAMEWORK_HEADER = YES;
				CLANG_WARN_RANGE_LOOP_ANALYSIS = YES;
				CLANG_WARN_STRICT_PROTOTYPES = YES;
				CLANG_WARN_SUSPICIOUS_MOVE = YES;
				CLANG_WARN_UNGUARDED_AVAILABILITY = YES_AGGRESSIVE;
				CLANG_WARN_UNREACHABLE_CODE = YES;
				CLANG_WARN__DUPLICATE_METHOD_MATCH = YES;
				COPY_PHASE_STRIP = NO;
				DEBUG_INFORMATION_FORMAT = "dwarf-with-dsym";
				ENABLE_NS_ASSERTIONS = NO;
				ENABLE_STRICT_OBJC_MSGSEND = YES;
				GCC_C_LANGUAGE_STANDARD = gnu11;
				GCC_NO_COMMON_BLOCKS = YES;
				GCC_WARN_64_TO_32_BIT_CONVERSION = YES;
				GCC_WARN_ABOUT_RETURN_TYPE = YES_ERROR;
				GCC_WARN_UNDECLARED_SELECTOR = YES;
				GCC_WARN_UNINITIALIZED_AUTOS = YES_AGGRESSIVE;
				GCC_WARN_UNUSED_FUNCTION = YES;
				GCC_WARN_UNUSED_VARIABLE = YES;
				IPHONEOS_DEPLOYMENT_TARGET = 14.4;
				MTL_ENABLE_DEBUG_INFO = NO;
				MTL_FAST_MATH = YES;
				SDKROOT = iphoneos;
				SWIFT_COMPILATION_MODE = wholemodule;
				SWIFT_OPTIMIZATION_LEVEL = "-O";
				VALIDATE_PRODUCT = YES;
			};
			name = Release;
		};
		CB42C6872818F5FF0036D2C8 /* Debug */ = {
			isa = XCBuildConfiguration;
			buildSettings = {
				ASSETCATALOG_COMPILER_APPICON_NAME = AppIcon;
				ASSETCATALOG_COMPILER_GLOBAL_ACCENT_COLOR_NAME = AccentColor;
				CODE_SIGN_STYLE = Automatic;
				INFOPLIST_FILE = CollectionView/Info.plist;
				LD_RUNPATH_SEARCH_PATHS = (
					"$(inherited)",
					"@executable_path/Frameworks",
				);
				PRODUCT_BUNDLE_IDENTIFIER = HuynhNgocPhong.CollectionView;
				PRODUCT_NAME = "$(TARGET_NAME)";
				SWIFT_VERSION = 5.0;
				TARGETED_DEVICE_FAMILY = "1,2";
			};
			name = Debug;
		};
		CB42C6882818F5FF0036D2C8 /* Release */ = {
			isa = XCBuildConfiguration;
			buildSettings = {
				ASSETCATALOG_COMPILER_APPICON_NAME = AppIcon;
				ASSETCATALOG_COMPILER_GLOBAL_ACCENT_COLOR_NAME = AccentColor;
				CODE_SIGN_STYLE = Automatic;
				INFOPLIST_FILE = CollectionView/Info.plist;
				LD_RUNPATH_SEARCH_PATHS = (
					"$(inherited)",
					"@executable_path/Frameworks",
				);
				PRODUCT_BUNDLE_IDENTIFIER = HuynhNgocPhong.CollectionView;
				PRODUCT_NAME = "$(TARGET_NAME)";
				SWIFT_VERSION = 5.0;
				TARGETED_DEVICE_FAMILY = "1,2";
			};
			name = Release;
		};
/* End XCBuildConfiguration section */

/* Begin XCConfigurationList section */
		CB42C66D2818F5FB0036D2C8 /* Build configuration list for PBXProject "CollectionView" */ = {
			isa = XCConfigurationList;
			buildConfigurations = (
				CB42C6842818F5FF0036D2C8 /* Debug */,
				CB42C6852818F5FF0036D2C8 /* Release */,
			);
			defaultConfigurationIsVisible = 0;
			defaultConfigurationName = Release;
		};
		CB42C6862818F5FF0036D2C8 /* Build configuration list for PBXNativeTarget "CollectionView" */ = {
			isa = XCConfigurationList;
			buildConfigurations = (
				CB42C6872818F5FF0036D2C8 /* Debug */,
				CB42C6882818F5FF0036D2C8 /* Release */,
			);
			defaultConfigurationIsVisible = 0;
			defaultConfigurationName = Release;
		};
/* End XCConfigurationList section */
	};
	rootObject = CB42C66A2818F5FB0036D2C8 /* Project object */;
}
